
Microsoft Visual Studio Solution File, Format Version 12.00
# Visual Studio Version 16
VisualStudioVersion = 16.0.31515.178
MinimumVisualStudioVersion = 10.0.40219.1
Project("{F184B08F-C81C-45F6-A57F-5ABD9991F28F}") = "Clase7", "Clase7\Clase7.vbproj", "{635D501E-0914-4D1B-BFD7-FA65A83BE62A}"
EndProject
Global
	GlobalSection(SolutionConfigurationPlatforms) = preSolution
		Debug|Any CPU = Debug|Any CPU
		Release|Any CPU = Release|Any CPU
	EndGlobalSection
	GlobalSection(ProjectConfigurationPlatforms) = postSolution
		{635D501E-0914-4D1B-BFD7-FA65A83BE62A}.Debug|Any CPU.ActiveCfg = Debug|Any CPU
		{635D501E-0914-4D1B-BFD7-FA65A83BE62A}.Debug|Any CPU.Build.0 = Debug|Any CPU
		{635D501E-0914-4D1B-BFD7-FA65A83BE62A}.Release|Any CPU.ActiveCfg = Release|Any CPU
		{635D501E-0914-4D1B-BFD7-FA65A83BE62A}.Release|Any CPU.Build.0 = Release|Any CPU
	EndGlobalSection
	GlobalSection(SolutionProperties) = preSolution
		HideSolutionNode = FALSE
	EndGlobalSection
	GlobalSection(ExtensibilityGlobals) = postSolution
		SolutionGuid = {39B92E45-F86C-415C-A53D-5B67FD9A99A1}
	EndGlobalSection
EndGlobal
